
Microsoft Visual Studio Solution File, Format Version 12.00
# Visual Studio Version 16
VisualStudioVersion = 16.0.31424.327
MinimumVisualStudioVersion = 10.0.40219.1
Project("{FAE04EC0-301F-11D3-BF4B-00C04F79EFBC}") = "DataStructure", "DataStructure.csproj", "{8D74E229-5D10-4A94-A50E-285E92F29DA8}"
EndProject
Global
	GlobalSection(SolutionConfigurationPlatforms) = preSolution
		Debug|Any CPU = Debug|Any CPU
		Release|Any CPU = Release|Any CPU
	EndGlobalSection
	GlobalSection(ProjectConfigurationPlatforms) = postSolution
		{8D74E229-5D10-4A94-A50E-285E92F29DA8}.Debug|Any CPU.ActiveCfg = Debug|Any CPU
		{8D74E229-5D10-4A94-A50E-285E92F29DA8}.Debug|Any CPU.Build.0 = Debug|Any CPU
		{8D74E229-5D10-4A94-A50E-285E92F29DA8}.Release|Any CPU.ActiveCfg = Release|Any CPU
		{8D74E229-5D10-4A94-A50E-285E92F29DA8}.Release|Any CPU.Build.0 = Release|Any CPU
	EndGlobalSection
	GlobalSection(SolutionProperties) = preSolution
		HideSolutionNode = FALSE
	EndGlobalSection
	GlobalSection(ExtensibilityGlobals) = postSolution
		SolutionGuid = {FC1ED1FB-37D1-4F7C-A50F-C2CD3BC4E2E0}
	EndGlobalSection
EndGlobal
